{
  "name": "do-every",
  "version": "1.0.0",
  "lockfileVersion": 3,
  "requires": true,
  "packages": {
    "": {
      "name": "do-every",
      "version": "1.0.0",
      "license": "ISC",
      "dependencies": {
        "@wolxxx/completer": "git+https://github.com/wolxXx/completer.git",
        "html5sortable": "*"
      },
      "devDependencies": {}
    },
    "node_modules/@wolxxx/completer": {
      "name": "completer",
      "version": "0.2.2",
      "resolved": "git+ssh://git@github.com/wolxXx/completer.git#09427264c3ccf47d3f677e9db947f7fb53eecc2d",
      "license": "MIT"
    },
    "node_modules/html5sortable": {
      "version": "0.14.0",
      "resolved": "https://registry.npmjs.org/html5sortable/-/html5sortable-0.14.0.tgz",
      "integrity": "sha512-esbDyvvrNEAeTwMUIVPyCHeabcrHAKetFDk2TEEOSFwySK5L4byZfy4h5wBqrKer7sfznevzRobn8iqpLobUjw==",
      "license": "MIT"
    }
  }
}
