{
  "name": "do-every",
  "version": "1.0.0",
  "lockfileVersion": 3,
  "requires": true,
  "packages": {
    "": {
      "name": "do-every",
      "version": "1.0.0",
      "license": "ISC",
      "dependencies": {
        "@wolxxx/completer": "git+https://github.com/wolxXx/completer.git#0.5"
      },
      "devDependencies": {}
    },
    "node_modules/@wolxxx/completer": {
      "name": "completer",
      "version": "0.2.2",
      "resolved": "git+ssh://git@github.com/wolxXx/completer.git#22365d5b0b4293b884f8d3faea2dd3262c8ffe2b",
      "license": "MIT"
    }
  }
}
