{
  "name": "do-every",
  "version": "1.0.0",
  "lockfileVersion": 3,
  "requires": true,
  "packages": {
    "": {
      "name": "do-every",
      "version": "1.0.0",
      "license": "ISC",
      "dependencies": {
        "@wolxxx/completer": "git+https://github.com/wolxXx/completer.git"
      },
      "devDependencies": {}
    },
    "node_modules/@wolxxx/completer": {
      "name": "completer",
      "version": "0.2.2",
      "resolved": "git+ssh://git@github.com/wolxXx/completer.git#09427264c3ccf47d3f677e9db947f7fb53eecc2d",
      "license": "MIT"
    }
  }
}
